
Microsoft Visual Studio Solution File, Format Version 12.00
# Visual Studio Version 17
VisualStudioVersion = 17.0.31903.59
MinimumVisualStudioVersion = 10.0.40219.1
Project("{2150E333-8FDC-42A3-9474-1A3956D46DE8}") = "src", "src", "{E81388F6-37D5-492D-8887-373A22369F01}"
EndProject
Project("{FAE04EC0-301F-11D3-BF4B-00C04F79EFBC}") = "VenEl.ModularMCP.Core", "src\VenEl.ModularMCP.Core\VenEl.ModularMCP.Core.csproj", "{3A253539-AF1B-4DC9-8290-4592E9E355F5}"
EndProject
Project("{FAE04EC0-301F-11D3-BF4B-00C04F79EFBC}") = "VenEl.ModularMCP.Shared", "src\VenEl.ModularMCP.Shared\VenEl.ModularMCP.Shared.csproj", "{B253B597-E310-438D-92F0-01B2E8CED94F}"
EndProject
Project("{FAE04EC0-301F-11D3-BF4B-00C04F79EFBC}") = "VenEl.ModularMCP.Atlassian", "src\VenEl.ModularMCP.Atlassian\VenEl.ModularMCP.Atlassian.csproj", "{0456738E-FF13-4F99-86CE-556E4E4A4A03}"
EndProject
Project("{FAE04EC0-301F-11D3-BF4B-00C04F79EFBC}") = "VenEl.ModularMCP.AWS", "src\VenEl.ModularMCP.AWS\VenEl.ModularMCP.AWS.csproj", "{20E369B8-079F-4651-B527-C45E7A1B0C11}"
EndProject
Project("{FAE04EC0-301F-11D3-BF4B-00C04F79EFBC}") = "VenEl.ModularMCP.Azure", "src\VenEl.ModularMCP.Azure\VenEl.ModularMCP.Azure.csproj", "{1639DBCE-2F85-4436-9935-4BF83369854F}"
EndProject
Project("{FAE04EC0-301F-11D3-BF4B-00C04F79EFBC}") = "VenEl.ModularMCP.Bitwarden", "src\VenEl.ModularMCP.Bitwarden\VenEl.ModularMCP.Bitwarden.csproj", "{C628CBF7-0138-4968-96D6-5EA018C9918F}"
EndProject
Project("{FAE04EC0-301F-11D3-BF4B-00C04F79EFBC}") = "VenEl.ModularMCP.Databricks", "src\VenEl.ModularMCP.Databricks\VenEl.ModularMCP.Databricks.csproj", "{B38273CE-2AF2-403E-83E4-C4C9B9AC40C0}"
EndProject
Project("{FAE04EC0-301F-11D3-BF4B-00C04F79EFBC}") = "VenEl.ModularMCP.Docker", "src\VenEl.ModularMCP.Docker\VenEl.ModularMCP.Docker.csproj", "{1450F24D-6D0F-46DB-8C7F-7016ECEA7C46}"
EndProject
Project("{FAE04EC0-301F-11D3-BF4B-00C04F79EFBC}") = "VenEl.ModularMCP.Email", "src\VenEl.ModularMCP.Email\VenEl.ModularMCP.Email.csproj", "{36B519A6-1AE3-4197-B78A-EB7C6311E092}"
EndProject
Project("{FAE04EC0-301F-11D3-BF4B-00C04F79EFBC}") = "VenEl.ModularMCP.FTP", "src\VenEl.ModularMCP.FTP\VenEl.ModularMCP.FTP.csproj", "{5E5F476C-E669-493F-B563-E330AE3500A1}"
EndProject
Project("{FAE04EC0-301F-11D3-BF4B-00C04F79EFBC}") = "VenEl.ModularMCP.GCP", "src\VenEl.ModularMCP.GCP\VenEl.ModularMCP.GCP.csproj", "{C4F4FF0A-BDEB-4CD6-9153-3F64832BC0AE}"
EndProject
Project("{FAE04EC0-301F-11D3-BF4B-00C04F79EFBC}") = "VenEl.ModularMCP.GitHub", "src\VenEl.ModularMCP.GitHub\VenEl.ModularMCP.GitHub.csproj", "{BD15CBB4-8C57-4440-951E-A6ADF6445956}"
EndProject
Project("{FAE04EC0-301F-11D3-BF4B-00C04F79EFBC}") = "VenEl.ModularMCP.Kubernetes", "src\VenEl.ModularMCP.Kubernetes\VenEl.ModularMCP.Kubernetes.csproj", "{0CA00DC1-B8A8-40DC-866D-EE39251F7801}"
EndProject
Project("{FAE04EC0-301F-11D3-BF4B-00C04F79EFBC}") = "VenEl.ModularMCP.LocalOffice", "src\VenEl.ModularMCP.LocalOffice\VenEl.ModularMCP.LocalOffice.csproj", "{33B3198B-96F7-490C-96AB-E75FAA19CA4A}"
EndProject
Project("{FAE04EC0-301F-11D3-BF4B-00C04F79EFBC}") = "VenEl.ModularMCP.Logging", "src\VenEl.ModularMCP.Logging\VenEl.ModularMCP.Logging.csproj", "{7ECFD912-8DE3-4D32-88F7-AE4A21392776}"
EndProject
Project("{FAE04EC0-301F-11D3-BF4B-00C04F79EFBC}") = "VenEl.ModularMCP.MSSql", "src\VenEl.ModularMCP.MSSql\VenEl.ModularMCP.MSSql.csproj", "{3972D101-D901-4284-9FBF-398153826937}"
EndProject
Project("{FAE04EC0-301F-11D3-BF4B-00C04F79EFBC}") = "VenEl.ModularMCP.MicrosoftTeams", "src\VenEl.ModularMCP.MicrosoftTeams\VenEl.ModularMCP.MicrosoftTeams.csproj", "{FA35540C-29A0-4169-AAC7-440A4B03F316}"
EndProject
Project("{FAE04EC0-301F-11D3-BF4B-00C04F79EFBC}") = "VenEl.ModularMCP.Slack", "src\VenEl.ModularMCP.Slack\VenEl.ModularMCP.Slack.csproj", "{479A2916-67B6-40A5-B31D-30577E864F91}"
EndProject
Project("{FAE04EC0-301F-11D3-BF4B-00C04F79EFBC}") = "VenEl.ModularMCP.WebAutomator", "src\VenEl.ModularMCP.WebAutomator\VenEl.ModularMCP.WebAutomator.csproj", "{F2B2C3AF-59A3-4BC9-AA12-4292FC9009C6}"
EndProject
Project("{FAE04EC0-301F-11D3-BF4B-00C04F79EFBC}") = "VenEl.ModularMCP.ServiceNow", "src\VenEl.ModularMCP.ServiceNow\VenEl.ModularMCP.ServiceNow.csproj", "{D5AAF491-B475-46A4-9550-859AD3089BC3}"
EndProject
Global
	GlobalSection(SolutionConfigurationPlatforms) = preSolution
		Debug|Any CPU = Debug|Any CPU
		Release|Any CPU = Release|Any CPU
	EndGlobalSection
	GlobalSection(SolutionProperties) = preSolution
		HideSolutionNode = FALSE
	EndGlobalSection
	GlobalSection(ProjectConfigurationPlatforms) = postSolution
		{3A253539-AF1B-4DC9-8290-4592E9E355F5}.Debug|Any CPU.ActiveCfg = Debug|Any CPU
		{3A253539-AF1B-4DC9-8290-4592E9E355F5}.Debug|Any CPU.Build.0 = Debug|Any CPU
		{3A253539-AF1B-4DC9-8290-4592E9E355F5}.Release|Any CPU.ActiveCfg = Release|Any CPU
		{3A253539-AF1B-4DC9-8290-4592E9E355F5}.Release|Any CPU.Build.0 = Release|Any CPU
		{B253B597-E310-438D-92F0-01B2E8CED94F}.Debug|Any CPU.ActiveCfg = Debug|Any CPU
		{B253B597-E310-438D-92F0-01B2E8CED94F}.Debug|Any CPU.Build.0 = Debug|Any CPU
		{B253B597-E310-438D-92F0-01B2E8CED94F}.Release|Any CPU.ActiveCfg = Release|Any CPU
		{B253B597-E310-438D-92F0-01B2E8CED94F}.Release|Any CPU.Build.0 = Release|Any CPU
		{0456738E-FF13-4F99-86CE-556E4E4A4A03}.Debug|Any CPU.ActiveCfg = Debug|Any CPU
		{0456738E-FF13-4F99-86CE-556E4E4A4A03}.Debug|Any CPU.Build.0 = Debug|Any CPU
		{0456738E-FF13-4F99-86CE-556E4E4A4A03}.Release|Any CPU.ActiveCfg = Release|Any CPU
		{0456738E-FF13-4F99-86CE-556E4E4A4A03}.Release|Any CPU.Build.0 = Release|Any CPU
		{20E369B8-079F-4651-B527-C45E7A1B0C11}.Debug|Any CPU.ActiveCfg = Debug|Any CPU
		{20E369B8-079F-4651-B527-C45E7A1B0C11}.Debug|Any CPU.Build.0 = Debug|Any CPU
		{20E369B8-079F-4651-B527-C45E7A1B0C11}.Release|Any CPU.ActiveCfg = Release|Any CPU
		{20E369B8-079F-4651-B527-C45E7A1B0C11}.Release|Any CPU.Build.0 = Release|Any CPU
		{1639DBCE-2F85-4436-9935-4BF83369854F}.Debug|Any CPU.ActiveCfg = Debug|Any CPU
		{1639DBCE-2F85-4436-9935-4BF83369854F}.Debug|Any CPU.Build.0 = Debug|Any CPU
		{1639DBCE-2F85-4436-9935-4BF83369854F}.Release|Any CPU.ActiveCfg = Release|Any CPU
		{1639DBCE-2F85-4436-9935-4BF83369854F}.Release|Any CPU.Build.0 = Release|Any CPU
		{C628CBF7-0138-4968-96D6-5EA018C9918F}.Debug|Any CPU.ActiveCfg = Debug|Any CPU
		{C628CBF7-0138-4968-96D6-5EA018C9918F}.Debug|Any CPU.Build.0 = Debug|Any CPU
		{C628CBF7-0138-4968-96D6-5EA018C9918F}.Release|Any CPU.ActiveCfg = Release|Any CPU
		{C628CBF7-0138-4968-96D6-5EA018C9918F}.Release|Any CPU.Build.0 = Release|Any CPU
		{B38273CE-2AF2-403E-83E4-C4C9B9AC40C0}.Debug|Any CPU.ActiveCfg = Debug|Any CPU
		{B38273CE-2AF2-403E-83E4-C4C9B9AC40C0}.Debug|Any CPU.Build.0 = Debug|Any CPU
		{B38273CE-2AF2-403E-83E4-C4C9B9AC40C0}.Release|Any CPU.ActiveCfg = Release|Any CPU
		{B38273CE-2AF2-403E-83E4-C4C9B9AC40C0}.Release|Any CPU.Build.0 = Release|Any CPU
		{1450F24D-6D0F-46DB-8C7F-7016ECEA7C46}.Debug|Any CPU.ActiveCfg = Debug|Any CPU
		{1450F24D-6D0F-46DB-8C7F-7016ECEA7C46}.Debug|Any CPU.Build.0 = Debug|Any CPU
		{1450F24D-6D0F-46DB-8C7F-7016ECEA7C46}.Release|Any CPU.ActiveCfg = Release|Any CPU
		{1450F24D-6D0F-46DB-8C7F-7016ECEA7C46}.Release|Any CPU.Build.0 = Release|Any CPU
		{36B519A6-1AE3-4197-B78A-EB7C6311E092}.Debug|Any CPU.ActiveCfg = Debug|Any CPU
		{36B519A6-1AE3-4197-B78A-EB7C6311E092}.Debug|Any CPU.Build.0 = Debug|Any CPU
		{36B519A6-1AE3-4197-B78A-EB7C6311E092}.Release|Any CPU.ActiveCfg = Release|Any CPU
		{36B519A6-1AE3-4197-B78A-EB7C6311E092}.Release|Any CPU.Build.0 = Release|Any CPU
		{5E5F476C-E669-493F-B563-E330AE3500A1}.Debug|Any CPU.ActiveCfg = Debug|Any CPU
		{5E5F476C-E669-493F-B563-E330AE3500A1}.Debug|Any CPU.Build.0 = Debug|Any CPU
		{5E5F476C-E669-493F-B563-E330AE3500A1}.Release|Any CPU.ActiveCfg = Release|Any CPU
		{5E5F476C-E669-493F-B563-E330AE3500A1}.Release|Any CPU.Build.0 = Release|Any CPU
		{C4F4FF0A-BDEB-4CD6-9153-3F64832BC0AE}.Debug|Any CPU.ActiveCfg = Debug|Any CPU
		{C4F4FF0A-BDEB-4CD6-9153-3F64832BC0AE}.Debug|Any CPU.Build.0 = Debug|Any CPU
		{C4F4FF0A-BDEB-4CD6-9153-3F64832BC0AE}.Release|Any CPU.ActiveCfg = Release|Any CPU
		{C4F4FF0A-BDEB-4CD6-9153-3F64832BC0AE}.Release|Any CPU.Build.0 = Release|Any CPU
		{BD15CBB4-8C57-4440-951E-A6ADF6445956}.Debug|Any CPU.ActiveCfg = Debug|Any CPU
		{BD15CBB4-8C57-4440-951E-A6ADF6445956}.Debug|Any CPU.Build.0 = Debug|Any CPU
		{BD15CBB4-8C57-4440-951E-A6ADF6445956}.Release|Any CPU.ActiveCfg = Release|Any CPU
		{BD15CBB4-8C57-4440-951E-A6ADF6445956}.Release|Any CPU.Build.0 = Release|Any CPU
		{0CA00DC1-B8A8-40DC-866D-EE39251F7801}.Debug|Any CPU.ActiveCfg = Debug|Any CPU
		{0CA00DC1-B8A8-40DC-866D-EE39251F7801}.Debug|Any CPU.Build.0 = Debug|Any CPU
		{0CA00DC1-B8A8-40DC-866D-EE39251F7801}.Release|Any CPU.ActiveCfg = Release|Any CPU
		{0CA00DC1-B8A8-40DC-866D-EE39251F7801}.Release|Any CPU.Build.0 = Release|Any CPU
		{33B3198B-96F7-490C-96AB-E75FAA19CA4A}.Debug|Any CPU.ActiveCfg = Debug|Any CPU
		{33B3198B-96F7-490C-96AB-E75FAA19CA4A}.Debug|Any CPU.Build.0 = Debug|Any CPU
		{33B3198B-96F7-490C-96AB-E75FAA19CA4A}.Release|Any CPU.ActiveCfg = Release|Any CPU
		{33B3198B-96F7-490C-96AB-E75FAA19CA4A}.Release|Any CPU.Build.0 = Release|Any CPU
		{7ECFD912-8DE3-4D32-88F7-AE4A21392776}.Debug|Any CPU.ActiveCfg = Debug|Any CPU
		{7ECFD912-8DE3-4D32-88F7-AE4A21392776}.Debug|Any CPU.Build.0 = Debug|Any CPU
		{7ECFD912-8DE3-4D32-88F7-AE4A21392776}.Release|Any CPU.ActiveCfg = Release|Any CPU
		{7ECFD912-8DE3-4D32-88F7-AE4A21392776}.Release|Any CPU.Build.0 = Release|Any CPU
		{3972D101-D901-4284-9FBF-398153826937}.Debug|Any CPU.ActiveCfg = Debug|Any CPU
		{3972D101-D901-4284-9FBF-398153826937}.Debug|Any CPU.Build.0 = Debug|Any CPU
		{3972D101-D901-4284-9FBF-398153826937}.Release|Any CPU.ActiveCfg = Release|Any CPU
		{3972D101-D901-4284-9FBF-398153826937}.Release|Any CPU.Build.0 = Release|Any CPU
		{FA35540C-29A0-4169-AAC7-440A4B03F316}.Debug|Any CPU.ActiveCfg = Debug|Any CPU
		{FA35540C-29A0-4169-AAC7-440A4B03F316}.Debug|Any CPU.Build.0 = Debug|Any CPU
		{FA35540C-29A0-4169-AAC7-440A4B03F316}.Release|Any CPU.ActiveCfg = Release|Any CPU
		{FA35540C-29A0-4169-AAC7-440A4B03F316}.Release|Any CPU.Build.0 = Release|Any CPU
		{479A2916-67B6-40A5-B31D-30577E864F91}.Debug|Any CPU.ActiveCfg = Debug|Any CPU
		{479A2916-67B6-40A5-B31D-30577E864F91}.Debug|Any CPU.Build.0 = Debug|Any CPU
		{479A2916-67B6-40A5-B31D-30577E864F91}.Release|Any CPU.ActiveCfg = Release|Any CPU
		{479A2916-67B6-40A5-B31D-30577E864F91}.Release|Any CPU.Build.0 = Release|Any CPU
		{F2B2C3AF-59A3-4BC9-AA12-4292FC9009C6}.Debug|Any CPU.ActiveCfg = Debug|Any CPU
		{F2B2C3AF-59A3-4BC9-AA12-4292FC9009C6}.Debug|Any CPU.Build.0 = Debug|Any CPU
		{F2B2C3AF-59A3-4BC9-AA12-4292FC9009C6}.Release|Any CPU.ActiveCfg = Release|Any CPU
		{F2B2C3AF-59A3-4BC9-AA12-4292FC9009C6}.Release|Any CPU.Build.0 = Release|Any CPU
		{D5AAF491-B475-46A4-9550-859AD3089BC3}.Debug|Any CPU.ActiveCfg = Debug|Any CPU
		{D5AAF491-B475-46A4-9550-859AD3089BC3}.Debug|Any CPU.Build.0 = Debug|Any CPU
		{D5AAF491-B475-46A4-9550-859AD3089BC3}.Release|Any CPU.ActiveCfg = Release|Any CPU
		{D5AAF491-B475-46A4-9550-859AD3089BC3}.Release|Any CPU.Build.0 = Release|Any CPU
	EndGlobalSection
	GlobalSection(NestedProjects) = preSolution
		{3A253539-AF1B-4DC9-8290-4592E9E355F5} = {E81388F6-37D5-492D-8887-373A22369F01}
		{B253B597-E310-438D-92F0-01B2E8CED94F} = {E81388F6-37D5-492D-8887-373A22369F01}
		{0456738E-FF13-4F99-86CE-556E4E4A4A03} = {E81388F6-37D5-492D-8887-373A22369F01}
		{20E369B8-079F-4651-B527-C45E7A1B0C11} = {E81388F6-37D5-492D-8887-373A22369F01}
		{1639DBCE-2F85-4436-9935-4BF83369854F} = {E81388F6-37D5-492D-8887-373A22369F01}
		{C628CBF7-0138-4968-96D6-5EA018C9918F} = {E81388F6-37D5-492D-8887-373A22369F01}
		{B38273CE-2AF2-403E-83E4-C4C9B9AC40C0} = {E81388F6-37D5-492D-8887-373A22369F01}
		{1450F24D-6D0F-46DB-8C7F-7016ECEA7C46} = {E81388F6-37D5-492D-8887-373A22369F01}
		{36B519A6-1AE3-4197-B78A-EB7C6311E092} = {E81388F6-37D5-492D-8887-373A22369F01}
		{5E5F476C-E669-493F-B563-E330AE3500A1} = {E81388F6-37D5-492D-8887-373A22369F01}
		{C4F4FF0A-BDEB-4CD6-9153-3F64832BC0AE} = {E81388F6-37D5-492D-8887-373A22369F01}
		{BD15CBB4-8C57-4440-951E-A6ADF6445956} = {E81388F6-37D5-492D-8887-373A22369F01}
		{0CA00DC1-B8A8-40DC-866D-EE39251F7801} = {E81388F6-37D5-492D-8887-373A22369F01}
		{33B3198B-96F7-490C-96AB-E75FAA19CA4A} = {E81388F6-37D5-492D-8887-373A22369F01}
		{7ECFD912-8DE3-4D32-88F7-AE4A21392776} = {E81388F6-37D5-492D-8887-373A22369F01}
		{3972D101-D901-4284-9FBF-398153826937} = {E81388F6-37D5-492D-8887-373A22369F01}
		{FA35540C-29A0-4169-AAC7-440A4B03F316} = {E81388F6-37D5-492D-8887-373A22369F01}
		{479A2916-67B6-40A5-B31D-30577E864F91} = {E81388F6-37D5-492D-8887-373A22369F01}
		{F2B2C3AF-59A3-4BC9-AA12-4292FC9009C6} = {E81388F6-37D5-492D-8887-373A22369F01}
		{D5AAF491-B475-46A4-9550-859AD3089BC3} = {E81388F6-37D5-492D-8887-373A22369F01}
	EndGlobalSection
EndGlobal
